{
    "_readme": [
        "This file locks the dependencies of your project to a known state",
        "Read more about it at https://getcomposer.org/doc/01-basic-usage.md#installing-dependencies",
        "This file is @generated automatically"
    ],
    "content-hash": "a00d58e58bd53b990e3bac50a0047b72",
    "packages": [
        {
            "name": "futurapay/sdk",
            "version": "1.0",
            "source": {
                "type": "git",
                "url": "https://github.com/Rohit-kumar-raja/php_futurapay.git",
                "reference": "427266d35398ec8e738d17a451d70a9b6213a47d"
            },
            "dist": {
                "type": "zip",
                "url": "https://api.github.com/repos/Rohit-kumar-raja/php_futurapay/zipball/427266d35398ec8e738d17a451d70a9b6213a47d",
                "reference": "427266d35398ec8e738d17a451d70a9b6213a47d",
                "shasum": ""
            },
            "type": "library",
            "autoload": {
                "psr-4": {
                    "Futurapay\\Sdk\\": "src/"
                }
            },
            "notification-url": "https://packagist.org/downloads/",
            "authors": [
                {
                    "name": "rohit kumar",
                    "email": "rohitk.techexactly@gmail.com"
                }
            ],
            "description": "using this sdk you can integrate the payment gateway to any platform",
            "support": {
                "issues": "https://github.com/Rohit-kumar-raja/php_futurapay/issues",
                "source": "https://github.com/Rohit-kumar-raja/php_futurapay/tree/1.0"
            },
            "time": "2024-09-23T08:57:28+00:00"
        }
    ],
    "packages-dev": [],
    "aliases": [],
    "minimum-stability": "stable",
    "stability-flags": [],
    "prefer-stable": false,
    "prefer-lowest": false,
    "platform": [],
    "platform-dev": [],
    "plugin-api-version": "2.6.0"
}
